// !$*UTF8*$!
{
	archiveVersion = 1;
	classes = {
	};
	objectVersion = 51;
	objects = {

/* Begin PBXBuildFile section */
		013825B32445447000624C65 /* LoginVC.swift in Sources */ = {isa = PBXBuildFile; fileRef = 013825B22445447000624C65 /* LoginVC.swift */; };
		013825B52445452F00624C65 /* RegisterVC.swift in Sources */ = {isa = PBXBuildFile; fileRef = 013825B42445452F00624C65 /* RegisterVC.swift */; };
		013825B824454ECC00624C65 /* Extentions.swift in Sources */ = {isa = PBXBuildFile; fileRef = 013825B724454ECC00624C65 /* Extentions.swift */; };
		013825BA2445561C00624C65 /* Constants.swift in Sources */ = {isa = PBXBuildFile; fileRef = 013825B92445561C00624C65 /* Constants.swift */; };
		013825BD24455C4200624C65 /* RoundedViews.swift in Sources */ = {isa = PBXBuildFile; fileRef = 013825BC24455C4200624C65 /* RoundedViews.swift */; };
		019B729E2440F25A006B6F59 /* AppDelegate.swift in Sources */ = {isa = PBXBuildFile; fileRef = 019B729D2440F25A006B6F59 /* AppDelegate.swift */; };
		019B72A02440F25A006B6F59 /* SceneDelegate.swift in Sources */ = {isa = PBXBuildFile; fileRef = 019B729F2440F25A006B6F59 /* SceneDelegate.swift */; };
		019B72A22440F25A006B6F59 /* ViewController.swift in Sources */ = {isa = PBXBuildFile; fileRef = 019B72A12440F25A006B6F59 /* ViewController.swift */; };
		019B72A52440F25A006B6F59 /* Main.storyboard in Resources */ = {isa = PBXBuildFile; fileRef = 019B72A32440F25A006B6F59 /* Main.storyboard */; };
		019B72A72440F25B006B6F59 /* Assets.xcassets in Resources */ = {isa = PBXBuildFile; fileRef = 019B72A62440F25B006B6F59 /* Assets.xcassets */; };
		019B72AA2440F25B006B6F59 /* LaunchScreen.storyboard in Resources */ = {isa = PBXBuildFile; fileRef = 019B72A82440F25B006B6F59 /* LaunchScreen.storyboard */; };
		019B72B82441AE76006B6F59 /* AppDelegate.swift in Sources */ = {isa = PBXBuildFile; fileRef = 019B72B72441AE76006B6F59 /* AppDelegate.swift */; };
		019B72BA2441AE76006B6F59 /* SceneDelegate.swift in Sources */ = {isa = PBXBuildFile; fileRef = 019B72B92441AE76006B6F59 /* SceneDelegate.swift */; };
		019B72BC2441AE76006B6F59 /* ViewController.swift in Sources */ = {isa = PBXBuildFile; fileRef = 019B72BB2441AE76006B6F59 /* ViewController.swift */; };
		019B72BF2441AE76006B6F59 /* Main.storyboard in Resources */ = {isa = PBXBuildFile; fileRef = 019B72BD2441AE76006B6F59 /* Main.storyboard */; };
		019B72C42441AE77006B6F59 /* LaunchScreen.storyboard in Resources */ = {isa = PBXBuildFile; fileRef = 019B72C22441AE77006B6F59 /* LaunchScreen.storyboard */; };
		019B72CA2441AF74006B6F59 /* Assets.xcassets in Resources */ = {isa = PBXBuildFile; fileRef = 019B72A62440F25B006B6F59 /* Assets.xcassets */; };
		019B72CC2441BD64006B6F59 /* LoginStoryboard.storyboard in Resources */ = {isa = PBXBuildFile; fileRef = 019B72CB2441BD64006B6F59 /* LoginStoryboard.storyboard */; };
		019B72EE244271C0006B6F59 /* GoogleService-Info.plist in Resources */ = {isa = PBXBuildFile; fileRef = 019B72ED244271C0006B6F59 /* GoogleService-Info.plist */; };
		019B72F0244280AB006B6F59 /* GoogleService-Info.plist in Resources */ = {isa = PBXBuildFile; fileRef = 019B72EF244280AB006B6F59 /* GoogleService-Info.plist */; };
		026D6A2C47AED2B541EB2525 /* Pods_MobileStore.framework in Frameworks */ = {isa = PBXBuildFile; fileRef = BAA093DD4054C63403A9D05F /* Pods_MobileStore.framework */; };
		2E541C7A61BAB855D39132B6 /* Pods_MobileLoginAdmin.framework in Frameworks */ = {isa = PBXBuildFile; fileRef = D2EF01F40E0C0B3966657E4E /* Pods_MobileLoginAdmin.framework */; };
/* End PBXBuildFile section */

/* Begin PBXFileReference section */
		013825B22445447000624C65 /* LoginVC.swift */ = {isa = PBXFileReference; lastKnownFileType = sourcecode.swift; path = LoginVC.swift; sourceTree = "<group>"; };
		013825B42445452F00624C65 /* RegisterVC.swift */ = {isa = PBXFileReference; lastKnownFileType = sourcecode.swift; path = RegisterVC.swift; sourceTree = "<group>"; };
		013825B724454ECC00624C65 /* Extentions.swift */ = {isa = PBXFileReference; lastKnownFileType = sourcecode.swift; path = Extentions.swift; sourceTree = "<group>"; };
		013825B92445561C00624C65 /* Constants.swift */ = {isa = PBXFileReference; lastKnownFileType = sourcecode.swift; path = Constants.swift; sourceTree = "<group>"; };
		013825BC24455C4200624C65 /* RoundedViews.swift */ = {isa = PBXFileReference; lastKnownFileType = sourcecode.swift; path = RoundedViews.swift; sourceTree = "<group>"; };
		019B729A2440F25A006B6F59 /* MobileStore.app */ = {isa = PBXFileReference; explicitFileType = wrapper.application; includeInIndex = 0; path = MobileStore.app; sourceTree = BUILT_PRODUCTS_DIR; };
		019B729D2440F25A006B6F59 /* AppDelegate.swift */ = {isa = PBXFileReference; lastKnownFileType = sourcecode.swift; path = AppDelegate.swift; sourceTree = "<group>"; };
		019B729F2440F25A006B6F59 /* SceneDelegate.swift */ = {isa = PBXFileReference; lastKnownFileType = sourcecode.swift; path = SceneDelegate.swift; sourceTree = "<group>"; };
		019B72A12440F25A006B6F59 /* ViewController.swift */ = {isa = PBXFileReference; lastKnownFileType = sourcecode.swift; path = ViewController.swift; sourceTree = "<group>"; };
		019B72A42440F25A006B6F59 /* Base */ = {isa = PBXFileReference; lastKnownFileType = file.storyboard; name = Base; path = Base.lproj/Main.storyboard; sourceTree = "<group>"; };
		019B72A62440F25B006B6F59 /* Assets.xcassets */ = {isa = PBXFileReference; lastKnownFileType = folder.assetcatalog; path = Assets.xcassets; sourceTree = "<group>"; };
		019B72A92440F25B006B6F59 /* Base */ = {isa = PBXFileReference; lastKnownFileType = file.storyboard; name = Base; path = Base.lproj/LaunchScreen.storyboard; sourceTree = "<group>"; };
		019B72AB2440F25B006B6F59 /* Info.plist */ = {isa = PBXFileReference; lastKnownFileType = text.plist.xml; path = Info.plist; sourceTree = "<group>"; };
		019B72B52441AE76006B6F59 /* MobileLoginAdmin.app */ = {isa = PBXFileReference; explicitFileType = wrapper.application; includeInIndex = 0; path = MobileLoginAdmin.app; sourceTree = BUILT_PRODUCTS_DIR; };
		019B72B72441AE76006B6F59 /* AppDelegate.swift */ = {isa = PBXFileReference; lastKnownFileType = sourcecode.swift; path = AppDelegate.swift; sourceTree = "<group>"; };
		019B72B92441AE76006B6F59 /* SceneDelegate.swift */ = {isa = PBXFileReference; lastKnownFileType = sourcecode.swift; path = SceneDelegate.swift; sourceTree = "<group>"; };
		019B72BB2441AE76006B6F59 /* ViewController.swift */ = {isa = PBXFileReference; lastKnownFileType = sourcecode.swift; path = ViewController.swift; sourceTree = "<group>"; };
		019B72BE2441AE76006B6F59 /* Base */ = {isa = PBXFileReference; lastKnownFileType = file.storyboard; name = Base; path = Base.lproj/Main.storyboard; sourceTree = "<group>"; };
		019B72C32441AE77006B6F59 /* Base */ = {isa = PBXFileReference; lastKnownFileType = file.storyboard; name = Base; path = Base.lproj/LaunchScreen.storyboard; sourceTree = "<group>"; };
		019B72C52441AE77006B6F59 /* Info.plist */ = {isa = PBXFileReference; lastKnownFileType = text.plist.xml; path = Info.plist; sourceTree = "<group>"; };
		019B72CB2441BD64006B6F59 /* LoginStoryboard.storyboard */ = {isa = PBXFileReference; lastKnownFileType = file.storyboard; path = LoginStoryboard.storyboard; sourceTree = "<group>"; };
		019B72ED244271C0006B6F59 /* GoogleService-Info.plist */ = {isa = PBXFileReference; fileEncoding = 4; lastKnownFileType = text.plist.xml; path = "GoogleService-Info.plist"; sourceTree = "<group>"; };
		019B72EF244280AB006B6F59 /* GoogleService-Info.plist */ = {isa = PBXFileReference; fileEncoding = 4; lastKnownFileType = text.plist.xml; path = "GoogleService-Info.plist"; sourceTree = "<group>"; };
		2373F9A8B76366748517D845 /* Pods-MobileLoginAdmin.release.xcconfig */ = {isa = PBXFileReference; includeInIndex = 1; lastKnownFileType = text.xcconfig; name = "Pods-MobileLoginAdmin.release.xcconfig"; path = "Target Support Files/Pods-MobileLoginAdmin/Pods-MobileLoginAdmin.release.xcconfig"; sourceTree = "<group>"; };
		42E4BEACF177A1809CDD666B /* Pods-MobileStore.debug.xcconfig */ = {isa = PBXFileReference; includeInIndex = 1; lastKnownFileType = text.xcconfig; name = "Pods-MobileStore.debug.xcconfig"; path = "Target Support Files/Pods-MobileStore/Pods-MobileStore.debug.xcconfig"; sourceTree = "<group>"; };
		B6072562321AF97B89D8B50A /* Pods-MobileStore.release.xcconfig */ = {isa = PBXFileReference; includeInIndex = 1; lastKnownFileType = text.xcconfig; name = "Pods-MobileStore.release.xcconfig"; path = "Target Support Files/Pods-MobileStore/Pods-MobileStore.release.xcconfig"; sourceTree = "<group>"; };
		BAA093DD4054C63403A9D05F /* Pods_MobileStore.framework */ = {isa = PBXFileReference; explicitFileType = wrapper.framework; includeInIndex = 0; path = Pods_MobileStore.framework; sourceTree = BUILT_PRODUCTS_DIR; };
		C75EA4E40764DE19C91437BA /* Pods-MobileLoginAdmin.debug.xcconfig */ = {isa = PBXFileReference; includeInIndex = 1; lastKnownFileType = text.xcconfig; name = "Pods-MobileLoginAdmin.debug.xcconfig"; path = "Target Support Files/Pods-MobileLoginAdmin/Pods-MobileLoginAdmin.debug.xcconfig"; sourceTree = "<group>"; };
		D2EF01F40E0C0B3966657E4E /* Pods_MobileLoginAdmin.framework */ = {isa = PBXFileReference; explicitFileType = wrapper.framework; includeInIndex = 0; path = Pods_MobileLoginAdmin.framework; sourceTree = BUILT_PRODUCTS_DIR; };
/* End PBXFileReference section */

/* Begin PBXFrameworksBuildPhase section */
		019B72972440F25A006B6F59 /* Frameworks */ = {
			isa = PBXFrameworksBuildPhase;
			buildActionMask = 2147483647;
			files = (
				026D6A2C47AED2B541EB2525 /* Pods_MobileStore.framework in Frameworks */,
			);
			runOnlyForDeploymentPostprocessing = 0;
		};
		019B72B22441AE76006B6F59 /* Frameworks */ = {
			isa = PBXFrameworksBuildPhase;
			buildActionMask = 2147483647;
			files = (
				2E541C7A61BAB855D39132B6 /* Pods_MobileLoginAdmin.framework in Frameworks */,
			);
			runOnlyForDeploymentPostprocessing = 0;
		};
/* End PBXFrameworksBuildPhase section */

/* Begin PBXGroup section */
		013825AE244543BF00624C65 /* Controller */ = {
			isa = PBXGroup;
			children = (
				013825B22445447000624C65 /* LoginVC.swift */,
				013825B42445452F00624C65 /* RegisterVC.swift */,
				019B729D2440F25A006B6F59 /* AppDelegate.swift */,
				019B72A12440F25A006B6F59 /* ViewController.swift */,
			);
			path = Controller;
			sourceTree = "<group>";
		};
		013825AF244543C800624C65 /* View */ = {
			isa = PBXGroup;
			children = (
			);
			path = View;
			sourceTree = "<group>";
		};
		013825B0244543CE00624C65 /* Model */ = {
			isa = PBXGroup;
			children = (
			);
			path = Model;
			sourceTree = "<group>";
		};
		013825B1244543D500624C65 /* Story Boards */ = {
			isa = PBXGroup;
			children = (
				019B72A32440F25A006B6F59 /* Main.storyboard */,
				019B72CB2441BD64006B6F59 /* LoginStoryboard.storyboard */,
				019B72A82440F25B006B6F59 /* LaunchScreen.storyboard */,
			);
			path = "Story Boards";
			sourceTree = "<group>";
		};
		013825B624454EB200624C65 /* Utilities */ = {
			isa = PBXGroup;
			children = (
				013825B724454ECC00624C65 /* Extentions.swift */,
				013825B92445561C00624C65 /* Constants.swift */,
			);
			path = Utilities;
			sourceTree = "<group>";
		};
		013825BB24455C2900624C65 /* View */ = {
			isa = PBXGroup;
			children = (
				013825BC24455C4200624C65 /* RoundedViews.swift */,
			);
			path = View;
			sourceTree = "<group>";
		};
		019B72912440F25A006B6F59 = {
			isa = PBXGroup;
			children = (
				019B72C92441AF38006B6F59 /* Shared */,
				019B729C2440F25A006B6F59 /* MobileStore */,
				019B72B62441AE76006B6F59 /* MobileLoginAdmin */,
				019B729B2440F25A006B6F59 /* Products */,
				0F9C0B012CCF812E8EE53CCC /* Pods */,
				2247596839FB231C60593070 /* Frameworks */,
			);
			sourceTree = "<group>";
		};
		019B729B2440F25A006B6F59 /* Products */ = {
			isa = PBXGroup;
			children = (
				019B729A2440F25A006B6F59 /* MobileStore.app */,
				019B72B52441AE76006B6F59 /* MobileLoginAdmin.app */,
			);
			name = Products;
			sourceTree = "<group>";
		};
		019B729C2440F25A006B6F59 /* MobileStore */ = {
			isa = PBXGroup;
			children = (
				013825B1244543D500624C65 /* Story Boards */,
				013825B0244543CE00624C65 /* Model */,
				013825AF244543C800624C65 /* View */,
				013825AE244543BF00624C65 /* Controller */,
				019B729F2440F25A006B6F59 /* SceneDelegate.swift */,
				019B72ED244271C0006B6F59 /* GoogleService-Info.plist */,
				019B72AB2440F25B006B6F59 /* Info.plist */,
			);
			path = MobileStore;
			sourceTree = "<group>";
		};
		019B72B62441AE76006B6F59 /* MobileLoginAdmin */ = {
			isa = PBXGroup;
			children = (
				019B72B72441AE76006B6F59 /* AppDelegate.swift */,
				019B72B92441AE76006B6F59 /* SceneDelegate.swift */,
				019B72BB2441AE76006B6F59 /* ViewController.swift */,
				019B72EF244280AB006B6F59 /* GoogleService-Info.plist */,
				019B72BD2441AE76006B6F59 /* Main.storyboard */,
				019B72C22441AE77006B6F59 /* LaunchScreen.storyboard */,
				019B72C52441AE77006B6F59 /* Info.plist */,
			);
			path = MobileLoginAdmin;
			sourceTree = "<group>";
		};
		019B72C92441AF38006B6F59 /* Shared */ = {
			isa = PBXGroup;
			children = (
				013825BB24455C2900624C65 /* View */,
				013825B624454EB200624C65 /* Utilities */,
				019B72A62440F25B006B6F59 /* Assets.xcassets */,
			);
			path = Shared;
			sourceTree = "<group>";
		};
		0F9C0B012CCF812E8EE53CCC /* Pods */ = {
			isa = PBXGroup;
			children = (
				C75EA4E40764DE19C91437BA /* Pods-MobileLoginAdmin.debug.xcconfig */,
				2373F9A8B76366748517D845 /* Pods-MobileLoginAdmin.release.xcconfig */,
				42E4BEACF177A1809CDD666B /* Pods-MobileStore.debug.xcconfig */,
				B6072562321AF97B89D8B50A /* Pods-MobileStore.release.xcconfig */,
			);
			path = Pods;
			sourceTree = "<group>";
		};
		2247596839FB231C60593070 /* Frameworks */ = {
			isa = PBXGroup;
			children = (
				D2EF01F40E0C0B3966657E4E /* Pods_MobileLoginAdmin.framework */,
				BAA093DD4054C63403A9D05F /* Pods_MobileStore.framework */,
			);
			name = Frameworks;
			sourceTree = "<group>";
		};
/* End PBXGroup section */

/* Begin PBXNativeTarget section */
		019B72992440F25A006B6F59 /* MobileStore */ = {
			isa = PBXNativeTarget;
			buildConfigurationList = 019B72AE2440F25B006B6F59 /* Build configuration list for PBXNativeTarget "MobileStore" */;
			buildPhases = (
				5FA23B77469AF9534FFE3835 /* [CP] Check Pods Manifest.lock */,
				019B72962440F25A006B6F59 /* Sources */,
				019B72972440F25A006B6F59 /* Frameworks */,
				019B72982440F25A006B6F59 /* Resources */,
				13914889A45703B3F8CC37EC /* [CP] Embed Pods Frameworks */,
			);
			buildRules = (
			);
			dependencies = (
			);
			name = MobileStore;
			productName = MobileStore;
			productReference = 019B729A2440F25A006B6F59 /* MobileStore.app */;
			productType = "com.apple.product-type.application";
		};
		019B72B42441AE76006B6F59 /* MobileLoginAdmin */ = {
			isa = PBXNativeTarget;
			buildConfigurationList = 019B72C62441AE77006B6F59 /* Build configuration list for PBXNativeTarget "MobileLoginAdmin" */;
			buildPhases = (
				9DA934B2A6446337DED042DE /* [CP] Check Pods Manifest.lock */,
				019B72B12441AE76006B6F59 /* Sources */,
				019B72B22441AE76006B6F59 /* Frameworks */,
				019B72B32441AE76006B6F59 /* Resources */,
				F93583378DE5807CF6B3BED4 /* [CP] Embed Pods Frameworks */,
			);
			buildRules = (
			);
			dependencies = (
			);
			name = MobileLoginAdmin;
			productName = MobileLoginAdmin;
			productReference = 019B72B52441AE76006B6F59 /* MobileLoginAdmin.app */;
			productType = "com.apple.product-type.application";
		};
/* End PBXNativeTarget section */

/* Begin PBXProject section */
		019B72922440F25A006B6F59 /* Project object */ = {
			isa = PBXProject;
			attributes = {
				LastSwiftUpdateCheck = 1130;
				LastUpgradeCheck = 1130;
				ORGANIZATIONNAME = "Macklin Thomas";
				TargetAttributes = {
					019B72992440F25A006B6F59 = {
						CreatedOnToolsVersion = 11.3;
					};
					019B72B42441AE76006B6F59 = {
						CreatedOnToolsVersion = 11.3;
					};
				};
			};
			buildConfigurationList = 019B72952440F25A006B6F59 /* Build configuration list for PBXProject "MobileStore" */;
			compatibilityVersion = "Xcode 9.3";
			developmentRegion = en;
			hasScannedForEncodings = 0;
			knownRegions = (
				en,
				Base,
			);
			mainGroup = 019B72912440F25A006B6F59;
			productRefGroup = 019B729B2440F25A006B6F59 /* Products */;
			projectDirPath = "";
			projectRoot = "";
			targets = (
				019B72992440F25A006B6F59 /* MobileStore */,
				019B72B42441AE76006B6F59 /* MobileLoginAdmin */,
			);
		};
/* End PBXProject section */

/* Begin PBXResourcesBuildPhase section */
		019B72982440F25A006B6F59 /* Resources */ = {
			isa = PBXResourcesBuildPhase;
			buildActionMask = 2147483647;
			files = (
				019B72CC2441BD64006B6F59 /* LoginStoryboard.storyboard in Resources */,
				019B72AA2440F25B006B6F59 /* LaunchScreen.storyboard in Resources */,
				019B72EE244271C0006B6F59 /* GoogleService-Info.plist in Resources */,
				019B72A72440F25B006B6F59 /* Assets.xcassets in Resources */,
				019B72A52440F25A006B6F59 /* Main.storyboard in Resources */,
			);
			runOnlyForDeploymentPostprocessing = 0;
		};
		019B72B32441AE76006B6F59 /* Resources */ = {
			isa = PBXResourcesBuildPhase;
			buildActionMask = 2147483647;
			files = (
				019B72C42441AE77006B6F59 /* LaunchScreen.storyboard in Resources */,
				019B72F0244280AB006B6F59 /* GoogleService-Info.plist in Resources */,
				019B72CA2441AF74006B6F59 /* Assets.xcassets in Resources */,
				019B72BF2441AE76006B6F59 /* Main.storyboard in Resources */,
			);
			runOnlyForDeploymentPostprocessing = 0;
		};
/* End PBXResourcesBuildPhase section */

/* Begin PBXShellScriptBuildPhase section */
		13914889A45703B3F8CC37EC /* [CP] Embed Pods Frameworks */ = {
			isa = PBXShellScriptBuildPhase;
			buildActionMask = 2147483647;
			files = (
			);
			inputFileListPaths = (
				"${PODS_ROOT}/Target Support Files/Pods-MobileStore/Pods-MobileStore-frameworks-${CONFIGURATION}-input-files.xcfilelist",
			);
			name = "[CP] Embed Pods Frameworks";
			outputFileListPaths = (
				"${PODS_ROOT}/Target Support Files/Pods-MobileStore/Pods-MobileStore-frameworks-${CONFIGURATION}-output-files.xcfilelist",
			);
			runOnlyForDeploymentPostprocessing = 0;
			shellPath = /bin/sh;
			shellScript = "\"${PODS_ROOT}/Target Support Files/Pods-MobileStore/Pods-MobileStore-frameworks.sh\"\n";
			showEnvVarsInLog = 0;
		};
		5FA23B77469AF9534FFE3835 /* [CP] Check Pods Manifest.lock */ = {
			isa = PBXShellScriptBuildPhase;
			buildActionMask = 2147483647;
			files = (
			);
			inputFileListPaths = (
			);
			inputPaths = (
				"${PODS_PODFILE_DIR_PATH}/Podfile.lock",
				"${PODS_ROOT}/Manifest.lock",
			);
			name = "[CP] Check Pods Manifest.lock";
			outputFileListPaths = (
			);
			outputPaths = (
				"$(DERIVED_FILE_DIR)/Pods-MobileStore-checkManifestLockResult.txt",
			);
			runOnlyForDeploymentPostprocessing = 0;
			shellPath = /bin/sh;
			shellScript = "diff \"${PODS_PODFILE_DIR_PATH}/Podfile.lock\" \"${PODS_ROOT}/Manifest.lock\" > /dev/null\nif [ $? != 0 ] ; then\n    # print error to STDERR\n    echo \"error: The sandbox is not in sync with the Podfile.lock. Run 'pod install' or update your CocoaPods installation.\" >&2\n    exit 1\nfi\n# This output is used by Xcode 'outputs' to avoid re-running this script phase.\necho \"SUCCESS\" > \"${SCRIPT_OUTPUT_FILE_0}\"\n";
			showEnvVarsInLog = 0;
		};
		9DA934B2A6446337DED042DE /* [CP] Check Pods Manifest.lock */ = {
			isa = PBXShellScriptBuildPhase;
			buildActionMask = 2147483647;
			files = (
			);
			inputFileListPaths = (
			);
			inputPaths = (
				"${PODS_PODFILE_DIR_PATH}/Podfile.lock",
				"${PODS_ROOT}/Manifest.lock",
			);
			name = "[CP] Check Pods Manifest.lock";
			outputFileListPaths = (
			);
			outputPaths = (
				"$(DERIVED_FILE_DIR)/Pods-MobileLoginAdmin-checkManifestLockResult.txt",
			);
			runOnlyForDeploymentPostprocessing = 0;
			shellPath = /bin/sh;
			shellScript = "diff \"${PODS_PODFILE_DIR_PATH}/Podfile.lock\" \"${PODS_ROOT}/Manifest.lock\" > /dev/null\nif [ $? != 0 ] ; then\n    # print error to STDERR\n    echo \"error: The sandbox is not in sync with the Podfile.lock. Run 'pod install' or update your CocoaPods installation.\" >&2\n    exit 1\nfi\n# This output is used by Xcode 'outputs' to avoid re-running this script phase.\necho \"SUCCESS\" > \"${SCRIPT_OUTPUT_FILE_0}\"\n";
			showEnvVarsInLog = 0;
		};
		F93583378DE5807CF6B3BED4 /* [CP] Embed Pods Frameworks */ = {
			isa = PBXShellScriptBuildPhase;
			buildActionMask = 2147483647;
			files = (
			);
			inputFileListPaths = (
				"${PODS_ROOT}/Target Support Files/Pods-MobileLoginAdmin/Pods-MobileLoginAdmin-frameworks-${CONFIGURATION}-input-files.xcfilelist",
			);
			name = "[CP] Embed Pods Frameworks";
			outputFileListPaths = (
				"${PODS_ROOT}/Target Support Files/Pods-MobileLoginAdmin/Pods-MobileLoginAdmin-frameworks-${CONFIGURATION}-output-files.xcfilelist",
			);
			runOnlyForDeploymentPostprocessing = 0;
			shellPath = /bin/sh;
			shellScript = "\"${PODS_ROOT}/Target Support Files/Pods-MobileLoginAdmin/Pods-MobileLoginAdmin-frameworks.sh\"\n";
			showEnvVarsInLog = 0;
		};
/* End PBXShellScriptBuildPhase section */

/* Begin PBXSourcesBuildPhase section */
		019B72962440F25A006B6F59 /* Sources */ = {
			isa = PBXSourcesBuildPhase;
			buildActionMask = 2147483647;
			files = (
				019B72A22440F25A006B6F59 /* ViewController.swift in Sources */,
				019B729E2440F25A006B6F59 /* AppDelegate.swift in Sources */,
				013825B824454ECC00624C65 /* Extentions.swift in Sources */,
				013825B32445447000624C65 /* LoginVC.swift in Sources */,
				013825BD24455C4200624C65 /* RoundedViews.swift in Sources */,
				013825BA2445561C00624C65 /* Constants.swift in Sources */,
				019B72A02440F25A006B6F59 /* SceneDelegate.swift in Sources */,
				013825B52445452F00624C65 /* RegisterVC.swift in Sources */,
			);
			runOnlyForDeploymentPostprocessing = 0;
		};
		019B72B12441AE76006B6F59 /* Sources */ = {
			isa = PBXSourcesBuildPhase;
			buildActionMask = 2147483647;
			files = (
				019B72BC2441AE76006B6F59 /* ViewController.swift in Sources */,
				019B72B82441AE76006B6F59 /* AppDelegate.swift in Sources */,
				019B72BA2441AE76006B6F59 /* SceneDelegate.swift in Sources */,
			);
			runOnlyForDeploymentPostprocessing = 0;
		};
/* End PBXSourcesBuildPhase section */

/* Begin PBXVariantGroup section */
		019B72A32440F25A006B6F59 /* Main.storyboard */ = {
			isa = PBXVariantGroup;
			children = (
				019B72A42440F25A006B6F59 /* Base */,
			);
			name = Main.storyboard;
			sourceTree = "<group>";
		};
		019B72A82440F25B006B6F59 /* LaunchScreen.storyboard */ = {
			isa = PBXVariantGroup;
			children = (
				019B72A92440F25B006B6F59 /* Base */,
			);
			name = LaunchScreen.storyboard;
			sourceTree = "<group>";
		};
		019B72BD2441AE76006B6F59 /* Main.storyboard */ = {
			isa = PBXVariantGroup;
			children = (
				019B72BE2441AE76006B6F59 /* Base */,
			);
			name = Main.storyboard;
			sourceTree = "<group>";
		};
		019B72C22441AE77006B6F59 /* LaunchScreen.storyboard */ = {
			isa = PBXVariantGroup;
			children = (
				019B72C32441AE77006B6F59 /* Base */,
			);
			name = LaunchScreen.storyboard;
			sourceTree = "<group>";
		};
/* End PBXVariantGroup section */

/* Begin XCBuildConfiguration section */
		019B72AC2440F25B006B6F59 /* Debug */ = {
			isa = XCBuildConfiguration;
			buildSettings = {
				ALWAYS_SEARCH_USER_PATHS = NO;
				CLANG_ANALYZER_NONNULL = YES;
				CLANG_ANALYZER_NUMBER_OBJECT_CONVERSION = YES_AGGRESSIVE;
				CLANG_CXX_LANGUAGE_STANDARD = "gnu++14";
				CLANG_CXX_LIBRARY = "libc++";
				CLANG_ENABLE_MODULES = YES;
				CLANG_ENABLE_OBJC_ARC = YES;
				CLANG_ENABLE_OBJC_WEAK = YES;
				CLANG_WARN_BLOCK_CAPTURE_AUTORELEASING = YES;
				CLANG_WARN_BOOL_CONVERSION = YES;
				CLANG_WARN_COMMA = YES;
				CLANG_WARN_CONSTANT_CONVERSION = YES;
				CLANG_WARN_DEPRECATED_OBJC_IMPLEMENTATIONS = YES;
				CLANG_WARN_DIRECT_OBJC_ISA_USAGE = YES_ERROR;
				CLANG_WARN_DOCUMENTATION_COMMENTS = YES;
				CLANG_WARN_EMPTY_BODY = YES;
				CLANG_WARN_ENUM_CONVERSION = YES;
				CLANG_WARN_INFINITE_RECURSION = YES;
				CLANG_WARN_INT_CONVERSION = YES;
				CLANG_WARN_NON_LITERAL_NULL_CONVERSION = YES;
				CLANG_WARN_OBJC_IMPLICIT_RETAIN_SELF = YES;
				CLANG_WARN_OBJC_LITERAL_CONVERSION = YES;
				CLANG_WARN_OBJC_ROOT_CLASS = YES_ERROR;
				CLANG_WARN_RANGE_LOOP_ANALYSIS = YES;
				CLANG_WARN_STRICT_PROTOTYPES = YES;
				CLANG_WARN_SUSPICIOUS_MOVE = YES;
				CLANG_WARN_UNGUARDED_AVAILABILITY = YES_AGGRESSIVE;
				CLANG_WARN_UNREACHABLE_CODE = YES;
				CLANG_WARN__DUPLICATE_METHOD_MATCH = YES;
				COPY_PHASE_STRIP = NO;
				DEBUG_INFORMATION_FORMAT = dwarf;
				ENABLE_STRICT_OBJC_MSGSEND = YES;
				ENABLE_TESTABILITY = YES;
				GCC_C_LANGUAGE_STANDARD = gnu11;
				GCC_DYNAMIC_NO_PIC = NO;
				GCC_NO_COMMON_BLOCKS = YES;
				GCC_OPTIMIZATION_LEVEL = 0;
				GCC_PREPROCESSOR_DEFINITIONS = (
					"DEBUG=1",
					"$(inherited)",
				);
				GCC_WARN_64_TO_32_BIT_CONVERSION = YES;
				GCC_WARN_ABOUT_RETURN_TYPE = YES_ERROR;
				GCC_WARN_UNDECLARED_SELECTOR = YES;
				GCC_WARN_UNINITIALIZED_AUTOS = YES_AGGRESSIVE;
				GCC_WARN_UNUSED_FUNCTION = YES;
				GCC_WARN_UNUSED_VARIABLE = YES;
				IPHONEOS_DEPLOYMENT_TARGET = 13.2;
				MTL_ENABLE_DEBUG_INFO = INCLUDE_SOURCE;
				MTL_FAST_MATH = YES;
				ONLY_ACTIVE_ARCH = YES;
				SDKROOT = iphoneos;
				SWIFT_ACTIVE_COMPILATION_CONDITIONS = DEBUG;
				SWIFT_OPTIMIZATION_LEVEL = "-Onone";
			};
			name = Debug;
		};
		019B72AD2440F25B006B6F59 /* Release */ = {
			isa = XCBuildConfiguration;
			buildSettings = {
				ALWAYS_SEARCH_USER_PATHS = NO;
				CLANG_ANALYZER_NONNULL = YES;
				CLANG_ANALYZER_NUMBER_OBJECT_CONVERSION = YES_AGGRESSIVE;
				CLANG_CXX_LANGUAGE_STANDARD = "gnu++14";
				CLANG_CXX_LIBRARY = "libc++";
				CLANG_ENABLE_MODULES = YES;
				CLANG_ENABLE_OBJC_ARC = YES;
				CLANG_ENABLE_OBJC_WEAK = YES;
				CLANG_WARN_BLOCK_CAPTURE_AUTORELEASING = YES;
				CLANG_WARN_BOOL_CONVERSION = YES;
				CLANG_WARN_COMMA = YES;
				CLANG_WARN_CONSTANT_CONVERSION = YES;
				CLANG_WARN_DEPRECATED_OBJC_IMPLEMENTATIONS = YES;
				CLANG_WARN_DIRECT_OBJC_ISA_USAGE = YES_ERROR;
				CLANG_WARN_DOCUMENTATION_COMMENTS = YES;
				CLANG_WARN_EMPTY_BODY = YES;
				CLANG_WARN_ENUM_CONVERSION = YES;
				CLANG_WARN_INFINITE_RECURSION = YES;
				CLANG_WARN_INT_CONVERSION = YES;
				CLANG_WARN_NON_LITERAL_NULL_CONVERSION = YES;
				CLANG_WARN_OBJC_IMPLICIT_RETAIN_SELF = YES;
				CLANG_WARN_OBJC_LITERAL_CONVERSION = YES;
				CLANG_WARN_OBJC_ROOT_CLASS = YES_ERROR;
				CLANG_WARN_RANGE_LOOP_ANALYSIS = YES;
				CLANG_WARN_STRICT_PROTOTYPES = YES;
				CLANG_WARN_SUSPICIOUS_MOVE = YES;
				CLANG_WARN_UNGUARDED_AVAILABILITY = YES_AGGRESSIVE;
				CLANG_WARN_UNREACHABLE_CODE = YES;
				CLANG_WARN__DUPLICATE_METHOD_MATCH = YES;
				COPY_PHASE_STRIP = NO;
				DEBUG_INFORMATION_FORMAT = "dwarf-with-dsym";
				ENABLE_NS_ASSERTIONS = NO;
				ENABLE_STRICT_OBJC_MSGSEND = YES;
				GCC_C_LANGUAGE_STANDARD = gnu11;
				GCC_NO_COMMON_BLOCKS = YES;
				GCC_WARN_64_TO_32_BIT_CONVERSION = YES;
				GCC_WARN_ABOUT_RETURN_TYPE = YES_ERROR;
				GCC_WARN_UNDECLARED_SELECTOR = YES;
				GCC_WARN_UNINITIALIZED_AUTOS = YES_AGGRESSIVE;
				GCC_WARN_UNUSED_FUNCTION = YES;
				GCC_WARN_UNUSED_VARIABLE = YES;
				IPHONEOS_DEPLOYMENT_TARGET = 13.2;
				MTL_ENABLE_DEBUG_INFO = NO;
				MTL_FAST_MATH = YES;
				SDKROOT = iphoneos;
				SWIFT_COMPILATION_MODE = wholemodule;
				SWIFT_OPTIMIZATION_LEVEL = "-O";
				VALIDATE_PRODUCT = YES;
			};
			name = Release;
		};
		019B72AF2440F25B006B6F59 /* Debug */ = {
			isa = XCBuildConfiguration;
			baseConfigurationReference = 42E4BEACF177A1809CDD666B /* Pods-MobileStore.debug.xcconfig */;
			buildSettings = {
				ASSETCATALOG_COMPILER_APPICON_NAME = AppIcon;
				CODE_SIGN_STYLE = Automatic;
				DEVELOPMENT_TEAM = 5V68X5CB49;
				INFOPLIST_FILE = MobileStore/Info.plist;
				LD_RUNPATH_SEARCH_PATHS = (
					"$(inherited)",
					"@executable_path/Frameworks",
				);
				PRODUCT_BUNDLE_IDENTIFIER = com.myappco.MyFirstApp.MobileStore;
				PRODUCT_NAME = "$(TARGET_NAME)";
				SWIFT_VERSION = 5.0;
				TARGETED_DEVICE_FAMILY = "1,2";
			};
			name = Debug;
		};
		019B72B02440F25B006B6F59 /* Release */ = {
			isa = XCBuildConfiguration;
			baseConfigurationReference = B6072562321AF97B89D8B50A /* Pods-MobileStore.release.xcconfig */;
			buildSettings = {
				ASSETCATALOG_COMPILER_APPICON_NAME = AppIcon;
				CODE_SIGN_STYLE = Automatic;
				DEVELOPMENT_TEAM = 5V68X5CB49;
				INFOPLIST_FILE = MobileStore/Info.plist;
				LD_RUNPATH_SEARCH_PATHS = (
					"$(inherited)",
					"@executable_path/Frameworks",
				);
				PRODUCT_BUNDLE_IDENTIFIER = com.myappco.MyFirstApp.MobileStore;
				PRODUCT_NAME = "$(TARGET_NAME)";
				SWIFT_VERSION = 5.0;
				TARGETED_DEVICE_FAMILY = "1,2";
			};
			name = Release;
		};
		019B72C72441AE77006B6F59 /* Debug */ = {
			isa = XCBuildConfiguration;
			baseConfigurationReference = C75EA4E40764DE19C91437BA /* Pods-MobileLoginAdmin.debug.xcconfig */;
			buildSettings = {
				ASSETCATALOG_COMPILER_APPICON_NAME = AppIcon;
				CODE_SIGN_STYLE = Automatic;
				DEVELOPMENT_TEAM = 5V68X5CB49;
				INFOPLIST_FILE = MobileLoginAdmin/Info.plist;
				LD_RUNPATH_SEARCH_PATHS = (
					"$(inherited)",
					"@executable_path/Frameworks",
				);
				PRODUCT_BUNDLE_IDENTIFIER = com.myappco.MyFirstApp.MobileLoginAdmin;
				PRODUCT_NAME = "$(TARGET_NAME)";
				SWIFT_VERSION = 5.0;
				TARGETED_DEVICE_FAMILY = "1,2";
			};
			name = Debug;
		};
		019B72C82441AE77006B6F59 /* Release */ = {
			isa = XCBuildConfiguration;
			baseConfigurationReference = 2373F9A8B76366748517D845 /* Pods-MobileLoginAdmin.release.xcconfig */;
			buildSettings = {
				ASSETCATALOG_COMPILER_APPICON_NAME = AppIcon;
				CODE_SIGN_STYLE = Automatic;
				DEVELOPMENT_TEAM = 5V68X5CB49;
				INFOPLIST_FILE = MobileLoginAdmin/Info.plist;
				LD_RUNPATH_SEARCH_PATHS = (
					"$(inherited)",
					"@executable_path/Frameworks",
				);
				PRODUCT_BUNDLE_IDENTIFIER = com.myappco.MyFirstApp.MobileLoginAdmin;
				PRODUCT_NAME = "$(TARGET_NAME)";
				SWIFT_VERSION = 5.0;
				TARGETED_DEVICE_FAMILY = "1,2";
			};
			name = Release;
		};
/* End XCBuildConfiguration section */

/* Begin XCConfigurationList section */
		019B72952440F25A006B6F59 /* Build configuration list for PBXProject "MobileStore" */ = {
			isa = XCConfigurationList;
			buildConfigurations = (
				019B72AC2440F25B006B6F59 /* Debug */,
				019B72AD2440F25B006B6F59 /* Release */,
			);
			defaultConfigurationIsVisible = 0;
			defaultConfigurationName = Release;
		};
		019B72AE2440F25B006B6F59 /* Build configuration list for PBXNativeTarget "MobileStore" */ = {
			isa = XCConfigurationList;
			buildConfigurations = (
				019B72AF2440F25B006B6F59 /* Debug */,
				019B72B02440F25B006B6F59 /* Release */,
			);
			defaultConfigurationIsVisible = 0;
			defaultConfigurationName = Release;
		};
		019B72C62441AE77006B6F59 /* Build configuration list for PBXNativeTarget "MobileLoginAdmin" */ = {
			isa = XCConfigurationList;
			buildConfigurations = (
				019B72C72441AE77006B6F59 /* Debug */,
				019B72C82441AE77006B6F59 /* Release */,
			);
			defaultConfigurationIsVisible = 0;
			defaultConfigurationName = Release;
		};
/* End XCConfigurationList section */
	};
	rootObject = 019B72922440F25A006B6F59 /* Project object */;
}
